
Microsoft Visual Studio Solution File, Format Version 12.00
# Visual Studio 2012
Project("{FAE04EC0-301F-11D3-BF4B-00C04F79EFBC}") = "MetroExplorer", "MetroExplorer\MetroExplorer.csproj", "{68121672-25A8-4A15-A449-A75133CDA6EC}"
EndProject
Project("{FAE04EC0-301F-11D3-BF4B-00C04F79EFBC}") = "MetroExplorer.Core", "MetroExplorer.core\MetroExplorer.Core.csproj", "{EFFF2BC1-84E8-4343-9E49-07CC4D0C8F7B}"
EndProject
Project("{2150E333-8FDC-42A3-9474-1A3956D46DE8}") = "Components", "Components", "{A54D228B-4CF2-4CC0-AE45-C1D2392DBE6A}"
EndProject
Project("{FAE04EC0-301F-11D3-BF4B-00C04F79EFBC}") = "MetroExplorer.Components.Navigator", "MetroExplorer.Components.Navigator\MetroExplorer.Components.Navigator.csproj", "{D7F662D5-755F-4A66-AE24-C07654AF3B04}"
EndProject
Project("{FAE04EC0-301F-11D3-BF4B-00C04F79EFBC}") = "MetroExplorer.Test", "MetroExplorer.Test\MetroExplorer.Test.csproj", "{97E3E5A3-82CE-4BD4-9D98-A67899B1C31D}"
EndProject
Global
	GlobalSection(SolutionConfigurationPlatforms) = preSolution
		Debug|Any CPU = Debug|Any CPU
		Debug|ARM = Debug|ARM
		Debug|x64 = Debug|x64
		Debug|x86 = Debug|x86
		Release|Any CPU = Release|Any CPU
		Release|ARM = Release|ARM
		Release|x64 = Release|x64
		Release|x86 = Release|x86
	EndGlobalSection
	GlobalSection(ProjectConfigurationPlatforms) = postSolution
		{68121672-25A8-4A15-A449-A75133CDA6EC}.Debug|Any CPU.ActiveCfg = Debug|Any CPU
		{68121672-25A8-4A15-A449-A75133CDA6EC}.Debug|Any CPU.Build.0 = Debug|Any CPU
		{68121672-25A8-4A15-A449-A75133CDA6EC}.Debug|Any CPU.Deploy.0 = Debug|Any CPU
		{68121672-25A8-4A15-A449-A75133CDA6EC}.Debug|ARM.ActiveCfg = Debug|ARM
		{68121672-25A8-4A15-A449-A75133CDA6EC}.Debug|ARM.Build.0 = Debug|ARM
		{68121672-25A8-4A15-A449-A75133CDA6EC}.Debug|ARM.Deploy.0 = Debug|ARM
		{68121672-25A8-4A15-A449-A75133CDA6EC}.Debug|x64.ActiveCfg = Debug|x64
		{68121672-25A8-4A15-A449-A75133CDA6EC}.Debug|x64.Build.0 = Debug|x64
		{68121672-25A8-4A15-A449-A75133CDA6EC}.Debug|x64.Deploy.0 = Debug|x64
		{68121672-25A8-4A15-A449-A75133CDA6EC}.Debug|x86.ActiveCfg = Debug|x86
		{68121672-25A8-4A15-A449-A75133CDA6EC}.Debug|x86.Build.0 = Debug|x86
		{68121672-25A8-4A15-A449-A75133CDA6EC}.Debug|x86.Deploy.0 = Debug|x86
		{68121672-25A8-4A15-A449-A75133CDA6EC}.Release|Any CPU.ActiveCfg = Release|Any CPU
		{68121672-25A8-4A15-A449-A75133CDA6EC}.Release|Any CPU.Build.0 = Release|Any CPU
		{68121672-25A8-4A15-A449-A75133CDA6EC}.Release|Any CPU.Deploy.0 = Release|Any CPU
		{68121672-25A8-4A15-A449-A75133CDA6EC}.Release|ARM.ActiveCfg = Release|ARM
		{68121672-25A8-4A15-A449-A75133CDA6EC}.Release|ARM.Build.0 = Release|ARM
		{68121672-25A8-4A15-A449-A75133CDA6EC}.Release|ARM.Deploy.0 = Release|ARM
		{68121672-25A8-4A15-A449-A75133CDA6EC}.Release|x64.ActiveCfg = Release|x64
		{68121672-25A8-4A15-A449-A75133CDA6EC}.Release|x64.Build.0 = Release|x64
		{68121672-25A8-4A15-A449-A75133CDA6EC}.Release|x64.Deploy.0 = Release|x64
		{68121672-25A8-4A15-A449-A75133CDA6EC}.Release|x86.ActiveCfg = Release|x86
		{68121672-25A8-4A15-A449-A75133CDA6EC}.Release|x86.Build.0 = Release|x86
		{68121672-25A8-4A15-A449-A75133CDA6EC}.Release|x86.Deploy.0 = Release|x86
		{EFFF2BC1-84E8-4343-9E49-07CC4D0C8F7B}.Debug|Any CPU.ActiveCfg = Debug|Any CPU
		{EFFF2BC1-84E8-4343-9E49-07CC4D0C8F7B}.Debug|Any CPU.Build.0 = Debug|Any CPU
		{EFFF2BC1-84E8-4343-9E49-07CC4D0C8F7B}.Debug|ARM.ActiveCfg = Debug|ARM
		{EFFF2BC1-84E8-4343-9E49-07CC4D0C8F7B}.Debug|ARM.Build.0 = Debug|ARM
		{EFFF2BC1-84E8-4343-9E49-07CC4D0C8F7B}.Debug|x64.ActiveCfg = Debug|x64
		{EFFF2BC1-84E8-4343-9E49-07CC4D0C8F7B}.Debug|x64.Build.0 = Debug|x64
		{EFFF2BC1-84E8-4343-9E49-07CC4D0C8F7B}.Debug|x86.ActiveCfg = Debug|x86
		{EFFF2BC1-84E8-4343-9E49-07CC4D0C8F7B}.Debug|x86.Build.0 = Debug|x86
		{EFFF2BC1-84E8-4343-9E49-07CC4D0C8F7B}.Release|Any CPU.ActiveCfg = Release|Any CPU
		{EFFF2BC1-84E8-4343-9E49-07CC4D0C8F7B}.Release|Any CPU.Build.0 = Release|Any CPU
		{EFFF2BC1-84E8-4343-9E49-07CC4D0C8F7B}.Release|ARM.ActiveCfg = Release|ARM
		{EFFF2BC1-84E8-4343-9E49-07CC4D0C8F7B}.Release|ARM.Build.0 = Release|ARM
		{EFFF2BC1-84E8-4343-9E49-07CC4D0C8F7B}.Release|x64.ActiveCfg = Release|x64
		{EFFF2BC1-84E8-4343-9E49-07CC4D0C8F7B}.Release|x64.Build.0 = Release|x64
		{EFFF2BC1-84E8-4343-9E49-07CC4D0C8F7B}.Release|x86.ActiveCfg = Release|x86
		{EFFF2BC1-84E8-4343-9E49-07CC4D0C8F7B}.Release|x86.Build.0 = Release|x86
		{D7F662D5-755F-4A66-AE24-C07654AF3B04}.Debug|Any CPU.ActiveCfg = Debug|Any CPU
		{D7F662D5-755F-4A66-AE24-C07654AF3B04}.Debug|Any CPU.Build.0 = Debug|Any CPU
		{D7F662D5-755F-4A66-AE24-C07654AF3B04}.Debug|ARM.ActiveCfg = Debug|ARM
		{D7F662D5-755F-4A66-AE24-C07654AF3B04}.Debug|ARM.Build.0 = Debug|ARM
		{D7F662D5-755F-4A66-AE24-C07654AF3B04}.Debug|x64.ActiveCfg = Debug|x64
		{D7F662D5-755F-4A66-AE24-C07654AF3B04}.Debug|x64.Build.0 = Debug|x64
		{D7F662D5-755F-4A66-AE24-C07654AF3B04}.Debug|x86.ActiveCfg = Debug|x86
		{D7F662D5-755F-4A66-AE24-C07654AF3B04}.Debug|x86.Build.0 = Debug|x86
		{D7F662D5-755F-4A66-AE24-C07654AF3B04}.Release|Any CPU.ActiveCfg = Release|Any CPU
		{D7F662D5-755F-4A66-AE24-C07654AF3B04}.Release|Any CPU.Build.0 = Release|Any CPU
		{D7F662D5-755F-4A66-AE24-C07654AF3B04}.Release|ARM.ActiveCfg = Release|ARM
		{D7F662D5-755F-4A66-AE24-C07654AF3B04}.Release|ARM.Build.0 = Release|ARM
		{D7F662D5-755F-4A66-AE24-C07654AF3B04}.Release|x64.ActiveCfg = Release|x64
		{D7F662D5-755F-4A66-AE24-C07654AF3B04}.Release|x64.Build.0 = Release|x64
		{D7F662D5-755F-4A66-AE24-C07654AF3B04}.Release|x86.ActiveCfg = Release|x86
		{D7F662D5-755F-4A66-AE24-C07654AF3B04}.Release|x86.Build.0 = Release|x86
		{97E3E5A3-82CE-4BD4-9D98-A67899B1C31D}.Debug|Any CPU.ActiveCfg = Debug|Any CPU
		{97E3E5A3-82CE-4BD4-9D98-A67899B1C31D}.Debug|Any CPU.Build.0 = Debug|Any CPU
		{97E3E5A3-82CE-4BD4-9D98-A67899B1C31D}.Debug|Any CPU.Deploy.0 = Debug|Any CPU
		{97E3E5A3-82CE-4BD4-9D98-A67899B1C31D}.Debug|ARM.ActiveCfg = Debug|ARM
		{97E3E5A3-82CE-4BD4-9D98-A67899B1C31D}.Debug|ARM.Build.0 = Debug|ARM
		{97E3E5A3-82CE-4BD4-9D98-A67899B1C31D}.Debug|ARM.Deploy.0 = Debug|ARM
		{97E3E5A3-82CE-4BD4-9D98-A67899B1C31D}.Debug|x64.ActiveCfg = Debug|x64
		{97E3E5A3-82CE-4BD4-9D98-A67899B1C31D}.Debug|x64.Build.0 = Debug|x64
		{97E3E5A3-82CE-4BD4-9D98-A67899B1C31D}.Debug|x64.Deploy.0 = Debug|x64
		{97E3E5A3-82CE-4BD4-9D98-A67899B1C31D}.Debug|x86.ActiveCfg = Debug|x86
		{97E3E5A3-82CE-4BD4-9D98-A67899B1C31D}.Debug|x86.Build.0 = Debug|x86
		{97E3E5A3-82CE-4BD4-9D98-A67899B1C31D}.Debug|x86.Deploy.0 = Debug|x86
		{97E3E5A3-82CE-4BD4-9D98-A67899B1C31D}.Release|Any CPU.ActiveCfg = Release|Any CPU
		{97E3E5A3-82CE-4BD4-9D98-A67899B1C31D}.Release|Any CPU.Build.0 = Release|Any CPU
		{97E3E5A3-82CE-4BD4-9D98-A67899B1C31D}.Release|Any CPU.Deploy.0 = Release|Any CPU
		{97E3E5A3-82CE-4BD4-9D98-A67899B1C31D}.Release|ARM.ActiveCfg = Release|ARM
		{97E3E5A3-82CE-4BD4-9D98-A67899B1C31D}.Release|ARM.Build.0 = Release|ARM
		{97E3E5A3-82CE-4BD4-9D98-A67899B1C31D}.Release|ARM.Deploy.0 = Release|ARM
		{97E3E5A3-82CE-4BD4-9D98-A67899B1C31D}.Release|x64.ActiveCfg = Release|x64
		{97E3E5A3-82CE-4BD4-9D98-A67899B1C31D}.Release|x64.Build.0 = Release|x64
		{97E3E5A3-82CE-4BD4-9D98-A67899B1C31D}.Release|x64.Deploy.0 = Release|x64
		{97E3E5A3-82CE-4BD4-9D98-A67899B1C31D}.Release|x86.ActiveCfg = Release|x86
		{97E3E5A3-82CE-4BD4-9D98-A67899B1C31D}.Release|x86.Build.0 = Release|x86
		{97E3E5A3-82CE-4BD4-9D98-A67899B1C31D}.Release|x86.Deploy.0 = Release|x86
	EndGlobalSection
	GlobalSection(SolutionProperties) = preSolution
		HideSolutionNode = FALSE
	EndGlobalSection
	GlobalSection(NestedProjects) = preSolution
		{D7F662D5-755F-4A66-AE24-C07654AF3B04} = {A54D228B-4CF2-4CC0-AE45-C1D2392DBE6A}
	EndGlobalSection
EndGlobal
